
Microsoft Visual Studio Solution File, Format Version 12.00
# Visual Studio Version 17
VisualStudioVersion = 17.0.31903.59
MinimumVisualStudioVersion = 10.0.40219.1
Project("{FAE04EC0-301F-11D3-BF4B-00C04F79EFBC}") = "MimcBN254", "MimcBN254\MimcBN254.csproj", "{B56930E5-902B-4D3A-9069-92DD79CBA0E2}"
EndProject
Project("{FAE04EC0-301F-11D3-BF4B-00C04F79EFBC}") = "CalcHash", "CalcHash\CalcHash.csproj", "{79D4C770-6BD7-4D5A-A182-B9809F19388F}"
EndProject
Project("{FAE04EC0-301F-11D3-BF4B-00C04F79EFBC}") = "MimcBN254Test", "MimcBN254Test\MimcBN254Test.csproj", "{EF1378B1-37A1-459B-88A0-A5AD9D6A9580}"
EndProject
Global
	GlobalSection(SolutionConfigurationPlatforms) = preSolution
		Debug|Any CPU = Debug|Any CPU
		Release|Any CPU = Release|Any CPU
	EndGlobalSection
	GlobalSection(SolutionProperties) = preSolution
		HideSolutionNode = FALSE
	EndGlobalSection
	GlobalSection(ProjectConfigurationPlatforms) = postSolution
		{B56930E5-902B-4D3A-9069-92DD79CBA0E2}.Debug|Any CPU.ActiveCfg = Debug|Any CPU
		{B56930E5-902B-4D3A-9069-92DD79CBA0E2}.Debug|Any CPU.Build.0 = Debug|Any CPU
		{B56930E5-902B-4D3A-9069-92DD79CBA0E2}.Release|Any CPU.ActiveCfg = Release|Any CPU
		{B56930E5-902B-4D3A-9069-92DD79CBA0E2}.Release|Any CPU.Build.0 = Release|Any CPU
		{79D4C770-6BD7-4D5A-A182-B9809F19388F}.Debug|Any CPU.ActiveCfg = Debug|Any CPU
		{79D4C770-6BD7-4D5A-A182-B9809F19388F}.Debug|Any CPU.Build.0 = Debug|Any CPU
		{79D4C770-6BD7-4D5A-A182-B9809F19388F}.Release|Any CPU.ActiveCfg = Release|Any CPU
		{79D4C770-6BD7-4D5A-A182-B9809F19388F}.Release|Any CPU.Build.0 = Release|Any CPU
		{EF1378B1-37A1-459B-88A0-A5AD9D6A9580}.Debug|Any CPU.ActiveCfg = Debug|Any CPU
		{EF1378B1-37A1-459B-88A0-A5AD9D6A9580}.Debug|Any CPU.Build.0 = Debug|Any CPU
		{EF1378B1-37A1-459B-88A0-A5AD9D6A9580}.Release|Any CPU.ActiveCfg = Release|Any CPU
		{EF1378B1-37A1-459B-88A0-A5AD9D6A9580}.Release|Any CPU.Build.0 = Release|Any CPU
	EndGlobalSection
EndGlobal
